
Microsoft Visual Studio Solution File, Format Version 12.00
# Visual Studio 15
Project("{FAE04EC0-301F-11D3-BF4B-00C04F79EFBC}") = "Assembly-CSharp", "Assembly-CSharp.csproj", "{E8F322F5-B145-2740-D731-7FDC64ACE8AE}"
EndProject
Project("{FAE04EC0-301F-11D3-BF4B-00C04F79EFBC}") = "NavMeshPlusEditor", "NavMeshPlusEditor.csproj", "{C522F07D-C4AF-C190-D76D-086498808975}"
EndProject
Project("{FAE04EC0-301F-11D3-BF4B-00C04F79EFBC}") = "NavMeshPlus", "NavMeshPlus.csproj", "{81D2AB8D-77A6-002D-AF07-1C2DE289F4F4}"
EndProject
Global
	GlobalSection(SolutionConfigurationPlatforms) = preSolution
		Debug|Any CPU = Debug|Any CPU
		Release|Any CPU = Release|Any CPU
	EndGlobalSection
	GlobalSection(ProjectConfigurationPlatforms) = postSolution
		{E8F322F5-B145-2740-D731-7FDC64ACE8AE}.Debug|Any CPU.ActiveCfg = Debug|Any CPU
		{E8F322F5-B145-2740-D731-7FDC64ACE8AE}.Debug|Any CPU.Build.0 = Debug|Any CPU
		{E8F322F5-B145-2740-D731-7FDC64ACE8AE}.Release|Any CPU.ActiveCfg = Release|Any CPU
		{E8F322F5-B145-2740-D731-7FDC64ACE8AE}.Release|Any CPU.Build.0 = Release|Any CPU
		{C522F07D-C4AF-C190-D76D-086498808975}.Debug|Any CPU.ActiveCfg = Debug|Any CPU
		{C522F07D-C4AF-C190-D76D-086498808975}.Debug|Any CPU.Build.0 = Debug|Any CPU
		{C522F07D-C4AF-C190-D76D-086498808975}.Release|Any CPU.ActiveCfg = Release|Any CPU
		{C522F07D-C4AF-C190-D76D-086498808975}.Release|Any CPU.Build.0 = Release|Any CPU
		{81D2AB8D-77A6-002D-AF07-1C2DE289F4F4}.Debug|Any CPU.ActiveCfg = Debug|Any CPU
		{81D2AB8D-77A6-002D-AF07-1C2DE289F4F4}.Debug|Any CPU.Build.0 = Debug|Any CPU
		{81D2AB8D-77A6-002D-AF07-1C2DE289F4F4}.Release|Any CPU.ActiveCfg = Release|Any CPU
		{81D2AB8D-77A6-002D-AF07-1C2DE289F4F4}.Release|Any CPU.Build.0 = Release|Any CPU
	EndGlobalSection
	GlobalSection(SolutionProperties) = preSolution
		HideSolutionNode = FALSE
	EndGlobalSection
EndGlobal
